
Microsoft Visual Studio Solution File, Format Version 12.00
# Visual Studio Version 16
VisualStudioVersion = 16.0.30114.105
MinimumVisualStudioVersion = 10.0.40219.1
Project("{FAE04EC0-301F-11D3-BF4B-00C04F79EFBC}") = "Student", "Student\Student.csproj", "{8D3258E5-DACE-4941-A6B9-5072BDDB28B5}"
EndProject
Project("{FAE04EC0-301F-11D3-BF4B-00C04F79EFBC}") = "Student.Tests", "Student.Tests\Student.Tests.csproj", "{9810D6F3-F6E6-4A28-8E93-9E05573E822E}"
EndProject
Global
	GlobalSection(SolutionConfigurationPlatforms) = preSolution
		Debug|Any CPU = Debug|Any CPU
		Debug|x64 = Debug|x64
		Debug|x86 = Debug|x86
		Release|Any CPU = Release|Any CPU
		Release|x64 = Release|x64
		Release|x86 = Release|x86
	EndGlobalSection
	GlobalSection(SolutionProperties) = preSolution
		HideSolutionNode = FALSE
	EndGlobalSection
	GlobalSection(ProjectConfigurationPlatforms) = postSolution
		{8D3258E5-DACE-4941-A6B9-5072BDDB28B5}.Debug|Any CPU.ActiveCfg = Debug|Any CPU
		{8D3258E5-DACE-4941-A6B9-5072BDDB28B5}.Debug|Any CPU.Build.0 = Debug|Any CPU
		{8D3258E5-DACE-4941-A6B9-5072BDDB28B5}.Debug|x64.ActiveCfg = Debug|Any CPU
		{8D3258E5-DACE-4941-A6B9-5072BDDB28B5}.Debug|x64.Build.0 = Debug|Any CPU
		{8D3258E5-DACE-4941-A6B9-5072BDDB28B5}.Debug|x86.ActiveCfg = Debug|Any CPU
		{8D3258E5-DACE-4941-A6B9-5072BDDB28B5}.Debug|x86.Build.0 = Debug|Any CPU
		{8D3258E5-DACE-4941-A6B9-5072BDDB28B5}.Release|Any CPU.ActiveCfg = Release|Any CPU
		{8D3258E5-DACE-4941-A6B9-5072BDDB28B5}.Release|Any CPU.Build.0 = Release|Any CPU
		{8D3258E5-DACE-4941-A6B9-5072BDDB28B5}.Release|x64.ActiveCfg = Release|Any CPU
		{8D3258E5-DACE-4941-A6B9-5072BDDB28B5}.Release|x64.Build.0 = Release|Any CPU
		{8D3258E5-DACE-4941-A6B9-5072BDDB28B5}.Release|x86.ActiveCfg = Release|Any CPU
		{8D3258E5-DACE-4941-A6B9-5072BDDB28B5}.Release|x86.Build.0 = Release|Any CPU
		{9810D6F3-F6E6-4A28-8E93-9E05573E822E}.Debug|Any CPU.ActiveCfg = Debug|Any CPU
		{9810D6F3-F6E6-4A28-8E93-9E05573E822E}.Debug|Any CPU.Build.0 = Debug|Any CPU
		{9810D6F3-F6E6-4A28-8E93-9E05573E822E}.Debug|x64.ActiveCfg = Debug|Any CPU
		{9810D6F3-F6E6-4A28-8E93-9E05573E822E}.Debug|x64.Build.0 = Debug|Any CPU
		{9810D6F3-F6E6-4A28-8E93-9E05573E822E}.Debug|x86.ActiveCfg = Debug|Any CPU
		{9810D6F3-F6E6-4A28-8E93-9E05573E822E}.Debug|x86.Build.0 = Debug|Any CPU
		{9810D6F3-F6E6-4A28-8E93-9E05573E822E}.Release|Any CPU.ActiveCfg = Release|Any CPU
		{9810D6F3-F6E6-4A28-8E93-9E05573E822E}.Release|Any CPU.Build.0 = Release|Any CPU
		{9810D6F3-F6E6-4A28-8E93-9E05573E822E}.Release|x64.ActiveCfg = Release|Any CPU
		{9810D6F3-F6E6-4A28-8E93-9E05573E822E}.Release|x64.Build.0 = Release|Any CPU
		{9810D6F3-F6E6-4A28-8E93-9E05573E822E}.Release|x86.ActiveCfg = Release|Any CPU
		{9810D6F3-F6E6-4A28-8E93-9E05573E822E}.Release|x86.Build.0 = Release|Any CPU
	EndGlobalSection
EndGlobal
